// !$*UTF8*$!
{
	archiveVersion = 1;
	classes = {
	};
	objectVersion = 46;
	objects = {

/* Begin PBXBuildFile section */
		2DA365BF1F2AC95E00DC864E /* AppDelegate.swift in Sources */ = {isa = PBXBuildFile; fileRef = 2DA365BE1F2AC95E00DC864E /* AppDelegate.swift */; };
		2DA365C11F2AC95E00DC864E /* MainVC.swift in Sources */ = {isa = PBXBuildFile; fileRef = 2DA365C01F2AC95E00DC864E /* MainVC.swift */; };
		2DA365C41F2AC95E00DC864E /* Main.storyboard in Resources */ = {isa = PBXBuildFile; fileRef = 2DA365C21F2AC95E00DC864E /* Main.storyboard */; };
		2DA365C61F2AC95E00DC864E /* Assets.xcassets in Resources */ = {isa = PBXBuildFile; fileRef = 2DA365C51F2AC95E00DC864E /* Assets.xcassets */; };
		2DA365C91F2AC95E00DC864E /* LaunchScreen.storyboard in Resources */ = {isa = PBXBuildFile; fileRef = 2DA365C71F2AC95E00DC864E /* LaunchScreen.storyboard */; };
		2DA365D41F2AC95E00DC864E /* PartyRockAppTests.swift in Sources */ = {isa = PBXBuildFile; fileRef = 2DA365D31F2AC95E00DC864E /* PartyRockAppTests.swift */; };
		2DA365DF1F2AC95E00DC864E /* PartyRockAppUITests.swift in Sources */ = {isa = PBXBuildFile; fileRef = 2DA365DE1F2AC95E00DC864E /* PartyRockAppUITests.swift */; };
		2DA365F31F2CE0EB00DC864E /* still time.ttf in Resources */ = {isa = PBXBuildFile; fileRef = 2DA365F21F2CE0EB00DC864E /* still time.ttf */; };
		2DA365F51F2CE1AB00DC864E /* VideoVC.swift in Sources */ = {isa = PBXBuildFile; fileRef = 2DA365F41F2CE1AB00DC864E /* VideoVC.swift */; };
		2DA365F71F2CE2FA00DC864E /* PartyCellTableViewCell.swift in Sources */ = {isa = PBXBuildFile; fileRef = 2DA365F61F2CE2FA00DC864E /* PartyCellTableViewCell.swift */; };
		2DA365F91F2CE58700DC864E /* PartyRock.swift in Sources */ = {isa = PBXBuildFile; fileRef = 2DA365F81F2CE58700DC864E /* PartyRock.swift */; };
/* End PBXBuildFile section */

/* Begin PBXContainerItemProxy section */
		2DA365D01F2AC95E00DC864E /* PBXContainerItemProxy */ = {
			isa = PBXContainerItemProxy;
			containerPortal = 2DA365B31F2AC95E00DC864E /* Project object */;
			proxyType = 1;
			remoteGlobalIDString = 2DA365BA1F2AC95E00DC864E;
			remoteInfo = PartyRockApp;
		};
		2DA365DB1F2AC95E00DC864E /* PBXContainerItemProxy */ = {
			isa = PBXContainerItemProxy;
			containerPortal = 2DA365B31F2AC95E00DC864E /* Project object */;
			proxyType = 1;
			remoteGlobalIDString = 2DA365BA1F2AC95E00DC864E;
			remoteInfo = PartyRockApp;
		};
/* End PBXContainerItemProxy section */

/* Begin PBXFileReference section */
		2DA365BB1F2AC95E00DC864E /* PartyRockApp.app */ = {isa = PBXFileReference; explicitFileType = wrapper.application; includeInIndex = 0; path = PartyRockApp.app; sourceTree = BUILT_PRODUCTS_DIR; };
		2DA365BE1F2AC95E00DC864E /* AppDelegate.swift */ = {isa = PBXFileReference; lastKnownFileType = sourcecode.swift; path = AppDelegate.swift; sourceTree = "<group>"; };
		2DA365C01F2AC95E00DC864E /* MainVC.swift */ = {isa = PBXFileReference; lastKnownFileType = sourcecode.swift; path = MainVC.swift; sourceTree = "<group>"; };
		2DA365C31F2AC95E00DC864E /* Base */ = {isa = PBXFileReference; lastKnownFileType = file.storyboard; name = Base; path = Base.lproj/Main.storyboard; sourceTree = "<group>"; };
		2DA365C51F2AC95E00DC864E /* Assets.xcassets */ = {isa = PBXFileReference; lastKnownFileType = folder.assetcatalog; path = Assets.xcassets; sourceTree = "<group>"; };
		2DA365C81F2AC95E00DC864E /* Base */ = {isa = PBXFileReference; lastKnownFileType = file.storyboard; name = Base; path = Base.lproj/LaunchScreen.storyboard; sourceTree = "<group>"; };
		2DA365CA1F2AC95E00DC864E /* Info.plist */ = {isa = PBXFileReference; lastKnownFileType = text.plist.xml; path = Info.plist; sourceTree = "<group>"; };
		2DA365CF1F2AC95E00DC864E /* PartyRockAppTests.xctest */ = {isa = PBXFileReference; explicitFileType = wrapper.cfbundle; includeInIndex = 0; path = PartyRockAppTests.xctest; sourceTree = BUILT_PRODUCTS_DIR; };
		2DA365D31F2AC95E00DC864E /* PartyRockAppTests.swift */ = {isa = PBXFileReference; lastKnownFileType = sourcecode.swift; path = PartyRockAppTests.swift; sourceTree = "<group>"; };
		2DA365D51F2AC95E00DC864E /* Info.plist */ = {isa = PBXFileReference; lastKnownFileType = text.plist.xml; path = Info.plist; sourceTree = "<group>"; };
		2DA365DA1F2AC95E00DC864E /* PartyRockAppUITests.xctest */ = {isa = PBXFileReference; explicitFileType = wrapper.cfbundle; includeInIndex = 0; path = PartyRockAppUITests.xctest; sourceTree = BUILT_PRODUCTS_DIR; };
		2DA365DE1F2AC95E00DC864E /* PartyRockAppUITests.swift */ = {isa = PBXFileReference; lastKnownFileType = sourcecode.swift; path = PartyRockAppUITests.swift; sourceTree = "<group>"; };
		2DA365E01F2AC95E00DC864E /* Info.plist */ = {isa = PBXFileReference; lastKnownFileType = text.plist.xml; path = Info.plist; sourceTree = "<group>"; };
		2DA365F21F2CE0EB00DC864E /* still time.ttf */ = {isa = PBXFileReference; lastKnownFileType = file; path = "still time.ttf"; sourceTree = "<group>"; };
		2DA365F41F2CE1AB00DC864E /* VideoVC.swift */ = {isa = PBXFileReference; fileEncoding = 4; lastKnownFileType = sourcecode.swift; path = VideoVC.swift; sourceTree = "<group>"; };
		2DA365F61F2CE2FA00DC864E /* PartyCellTableViewCell.swift */ = {isa = PBXFileReference; fileEncoding = 4; lastKnownFileType = sourcecode.swift; path = PartyCellTableViewCell.swift; sourceTree = "<group>"; };
		2DA365F81F2CE58700DC864E /* PartyRock.swift */ = {isa = PBXFileReference; fileEncoding = 4; lastKnownFileType = sourcecode.swift; path = PartyRock.swift; sourceTree = "<group>"; };
/* End PBXFileReference section */

/* Begin PBXFrameworksBuildPhase section */
		2DA365B81F2AC95E00DC864E /* Frameworks */ = {
			isa = PBXFrameworksBuildPhase;
			buildActionMask = 2147483647;
			files = (
			);
			runOnlyForDeploymentPostprocessing = 0;
		};
		2DA365CC1F2AC95E00DC864E /* Frameworks */ = {
			isa = PBXFrameworksBuildPhase;
			buildActionMask = 2147483647;
			files = (
			);
			runOnlyForDeploymentPostprocessing = 0;
		};
		2DA365D71F2AC95E00DC864E /* Frameworks */ = {
			isa = PBXFrameworksBuildPhase;
			buildActionMask = 2147483647;
			files = (
			);
			runOnlyForDeploymentPostprocessing = 0;
		};
/* End PBXFrameworksBuildPhase section */

/* Begin PBXGroup section */
		2DA365B21F2AC95E00DC864E = {
			isa = PBXGroup;
			children = (
				2DA365BD1F2AC95E00DC864E /* PartyRockApp */,
				2DA365D21F2AC95E00DC864E /* PartyRockAppTests */,
				2DA365DD1F2AC95E00DC864E /* PartyRockAppUITests */,
				2DA365BC1F2AC95E00DC864E /* Products */,
			);
			sourceTree = "<group>";
		};
		2DA365BC1F2AC95E00DC864E /* Products */ = {
			isa = PBXGroup;
			children = (
				2DA365BB1F2AC95E00DC864E /* PartyRockApp.app */,
				2DA365CF1F2AC95E00DC864E /* PartyRockAppTests.xctest */,
				2DA365DA1F2AC95E00DC864E /* PartyRockAppUITests.xctest */,
			);
			name = Products;
			sourceTree = "<group>";
		};
		2DA365BD1F2AC95E00DC864E /* PartyRockApp */ = {
			isa = PBXGroup;
			children = (
				2DA365F11F2CE0C400DC864E /* files */,
				2DA365EE1F2AC9EF00DC864E /* Model */,
				2DA365ED1F2AC9EA00DC864E /* View */,
				2DA365EC1F2AC9D400DC864E /* Controller */,
				2DA365BE1F2AC95E00DC864E /* AppDelegate.swift */,
				2DA365C21F2AC95E00DC864E /* Main.storyboard */,
				2DA365C51F2AC95E00DC864E /* Assets.xcassets */,
				2DA365C71F2AC95E00DC864E /* LaunchScreen.storyboard */,
				2DA365CA1F2AC95E00DC864E /* Info.plist */,
			);
			path = PartyRockApp;
			sourceTree = "<group>";
		};
		2DA365D21F2AC95E00DC864E /* PartyRockAppTests */ = {
			isa = PBXGroup;
			children = (
				2DA365D31F2AC95E00DC864E /* PartyRockAppTests.swift */,
				2DA365D51F2AC95E00DC864E /* Info.plist */,
			);
			path = PartyRockAppTests;
			sourceTree = "<group>";
		};
		2DA365DD1F2AC95E00DC864E /* PartyRockAppUITests */ = {
			isa = PBXGroup;
			children = (
				2DA365DE1F2AC95E00DC864E /* PartyRockAppUITests.swift */,
				2DA365E01F2AC95E00DC864E /* Info.plist */,
			);
			path = PartyRockAppUITests;
			sourceTree = "<group>";
		};
		2DA365EC1F2AC9D400DC864E /* Controller */ = {
			isa = PBXGroup;
			children = (
				2DA365C01F2AC95E00DC864E /* MainVC.swift */,
				2DA365F41F2CE1AB00DC864E /* VideoVC.swift */,
			);
			name = Controller;
			sourceTree = "<group>";
		};
		2DA365ED1F2AC9EA00DC864E /* View */ = {
			isa = PBXGroup;
			children = (
				2DA365F61F2CE2FA00DC864E /* PartyCellTableViewCell.swift */,
			);
			name = View;
			sourceTree = "<group>";
		};
		2DA365EE1F2AC9EF00DC864E /* Model */ = {
			isa = PBXGroup;
			children = (
				2DA365F81F2CE58700DC864E /* PartyRock.swift */,
			);
			name = Model;
			sourceTree = "<group>";
		};
		2DA365F11F2CE0C400DC864E /* files */ = {
			isa = PBXGroup;
			children = (
				2DA365F21F2CE0EB00DC864E /* still time.ttf */,
			);
			name = files;
			sourceTree = "<group>";
		};
/* End PBXGroup section */

/* Begin PBXNativeTarget section */
		2DA365BA1F2AC95E00DC864E /* PartyRockApp */ = {
			isa = PBXNativeTarget;
			buildConfigurationList = 2DA365E31F2AC95E00DC864E /* Build configuration list for PBXNativeTarget "PartyRockApp" */;
			buildPhases = (
				2DA365B71F2AC95E00DC864E /* Sources */,
				2DA365B81F2AC95E00DC864E /* Frameworks */,
				2DA365B91F2AC95E00DC864E /* Resources */,
			);
			buildRules = (
			);
			dependencies = (
			);
			name = PartyRockApp;
			productName = PartyRockApp;
			productReference = 2DA365BB1F2AC95E00DC864E /* PartyRockApp.app */;
			productType = "com.apple.product-type.application";
		};
		2DA365CE1F2AC95E00DC864E /* PartyRockAppTests */ = {
			isa = PBXNativeTarget;
			buildConfigurationList = 2DA365E61F2AC95E00DC864E /* Build configuration list for PBXNativeTarget "PartyRockAppTests" */;
			buildPhases = (
				2DA365CB1F2AC95E00DC864E /* Sources */,
				2DA365CC1F2AC95E00DC864E /* Frameworks */,
				2DA365CD1F2AC95E00DC864E /* Resources */,
			);
			buildRules = (
			);
			dependencies = (
				2DA365D11F2AC95E00DC864E /* PBXTargetDependency */,
			);
			name = PartyRockAppTests;
			productName = PartyRockAppTests;
			productReference = 2DA365CF1F2AC95E00DC864E /* PartyRockAppTests.xctest */;
			productType = "com.apple.product-type.bundle.unit-test";
		};
		2DA365D91F2AC95E00DC864E /* PartyRockAppUITests */ = {
			isa = PBXNativeTarget;
			buildConfigurationList = 2DA365E91F2AC95E00DC864E /* Build configuration list for PBXNativeTarget "PartyRockAppUITests" */;
			buildPhases = (
				2DA365D61F2AC95E00DC864E /* Sources */,
				2DA365D71F2AC95E00DC864E /* Frameworks */,
				2DA365D81F2AC95E00DC864E /* Resources */,
			);
			buildRules = (
			);
			dependencies = (
				2DA365DC1F2AC95E00DC864E /* PBXTargetDependency */,
			);
			name = PartyRockAppUITests;
			productName = PartyRockAppUITests;
			productReference = 2DA365DA1F2AC95E00DC864E /* PartyRockAppUITests.xctest */;
			productType = "com.apple.product-type.bundle.ui-testing";
		};
/* End PBXNativeTarget section */

/* Begin PBXProject section */
		2DA365B31F2AC95E00DC864E /* Project object */ = {
			isa = PBXProject;
			attributes = {
				LastSwiftUpdateCheck = 0830;
				LastUpgradeCheck = 0830;
				ORGANIZATIONNAME = "Micah Rowell";
				TargetAttributes = {
					2DA365BA1F2AC95E00DC864E = {
						CreatedOnToolsVersion = 8.3.3;
						ProvisioningStyle = Automatic;
					};
					2DA365CE1F2AC95E00DC864E = {
						CreatedOnToolsVersion = 8.3.3;
						ProvisioningStyle = Automatic;
						TestTargetID = 2DA365BA1F2AC95E00DC864E;
					};
					2DA365D91F2AC95E00DC864E = {
						CreatedOnToolsVersion = 8.3.3;
						ProvisioningStyle = Automatic;
						TestTargetID = 2DA365BA1F2AC95E00DC864E;
					};
				};
			};
			buildConfigurationList = 2DA365B61F2AC95E00DC864E /* Build configuration list for PBXProject "PartyRockApp" */;
			compatibilityVersion = "Xcode 3.2";
			developmentRegion = English;
			hasScannedForEncodings = 0;
			knownRegions = (
				en,
				Base,
			);
			mainGroup = 2DA365B21F2AC95E00DC864E;
			productRefGroup = 2DA365BC1F2AC95E00DC864E /* Products */;
			projectDirPath = "";
			projectRoot = "";
			targets = (
				2DA365BA1F2AC95E00DC864E /* PartyRockApp */,
				2DA365CE1F2AC95E00DC864E /* PartyRockAppTests */,
				2DA365D91F2AC95E00DC864E /* PartyRockAppUITests */,
			);
		};
/* End PBXProject section */

/* Begin PBXResourcesBuildPhase section */
		2DA365B91F2AC95E00DC864E /* Resources */ = {
			isa = PBXResourcesBuildPhase;
			buildActionMask = 2147483647;
			files = (
				2DA365C91F2AC95E00DC864E /* LaunchScreen.storyboard in Resources */,
				2DA365F31F2CE0EB00DC864E /* still time.ttf in Resources */,
				2DA365C61F2AC95E00DC864E /* Assets.xcassets in Resources */,
				2DA365C41F2AC95E00DC864E /* Main.storyboard in Resources */,
			);
			runOnlyForDeploymentPostprocessing = 0;
		};
		2DA365CD1F2AC95E00DC864E /* Resources */ = {
			isa = PBXResourcesBuildPhase;
			buildActionMask = 2147483647;
			files = (
			);
			runOnlyForDeploymentPostprocessing = 0;
		};
		2DA365D81F2AC95E00DC864E /* Resources */ = {
			isa = PBXResourcesBuildPhase;
			buildActionMask = 2147483647;
			files = (
			);
			runOnlyForDeploymentPostprocessing = 0;
		};
/* End PBXResourcesBuildPhase section */

/* Begin PBXSourcesBuildPhase section */
		2DA365B71F2AC95E00DC864E /* Sources */ = {
			isa = PBXSourcesBuildPhase;
			buildActionMask = 2147483647;
			files = (
				2DA365F51F2CE1AB00DC864E /* VideoVC.swift in Sources */,
				2DA365C11F2AC95E00DC864E /* MainVC.swift in Sources */,
				2DA365F91F2CE58700DC864E /* PartyRock.swift in Sources */,
				2DA365F71F2CE2FA00DC864E /* PartyCellTableViewCell.swift in Sources */,
				2DA365BF1F2AC95E00DC864E /* AppDelegate.swift in Sources */,
			);
			runOnlyForDeploymentPostprocessing = 0;
		};
		2DA365CB1F2AC95E00DC864E /* Sources */ = {
			isa = PBXSourcesBuildPhase;
			buildActionMask = 2147483647;
			files = (
				2DA365D41F2AC95E00DC864E /* PartyRockAppTests.swift in Sources */,
			);
			runOnlyForDeploymentPostprocessing = 0;
		};
		2DA365D61F2AC95E00DC864E /* Sources */ = {
			isa = PBXSourcesBuildPhase;
			buildActionMask = 2147483647;
			files = (
				2DA365DF1F2AC95E00DC864E /* PartyRockAppUITests.swift in Sources */,
			);
			runOnlyForDeploymentPostprocessing = 0;
		};
/* End PBXSourcesBuildPhase section */

/* Begin PBXTargetDependency section */
		2DA365D11F2AC95E00DC864E /* PBXTargetDependency */ = {
			isa = PBXTargetDependency;
			target = 2DA365BA1F2AC95E00DC864E /* PartyRockApp */;
			targetProxy = 2DA365D01F2AC95E00DC864E /* PBXContainerItemProxy */;
		};
		2DA365DC1F2AC95E00DC864E /* PBXTargetDependency */ = {
			isa = PBXTargetDependency;
			target = 2DA365BA1F2AC95E00DC864E /* PartyRockApp */;
			targetProxy = 2DA365DB1F2AC95E00DC864E /* PBXContainerItemProxy */;
		};
/* End PBXTargetDependency section */

/* Begin PBXVariantGroup section */
		2DA365C21F2AC95E00DC864E /* Main.storyboard */ = {
			isa = PBXVariantGroup;
			children = (
				2DA365C31F2AC95E00DC864E /* Base */,
			);
			name = Main.storyboard;
			sourceTree = "<group>";
		};
		2DA365C71F2AC95E00DC864E /* LaunchScreen.storyboard */ = {
			isa = PBXVariantGroup;
			children = (
				2DA365C81F2AC95E00DC864E /* Base */,
			);
			name = LaunchScreen.storyboard;
			sourceTree = "<group>";
		};
/* End PBXVariantGroup section */

/* Begin XCBuildConfiguration section */
		2DA365E11F2AC95E00DC864E /* Debug */ = {
			isa = XCBuildConfiguration;
			buildSettings = {
				ALWAYS_SEARCH_USER_PATHS = NO;
				CLANG_ANALYZER_NONNULL = YES;
				CLANG_ANALYZER_NUMBER_OBJECT_CONVERSION = YES_AGGRESSIVE;
				CLANG_CXX_LANGUAGE_STANDARD = "gnu++0x";
				CLANG_CXX_LIBRARY = "libc++";
				CLANG_ENABLE_MODULES = YES;
				CLANG_ENABLE_OBJC_ARC = YES;
				CLANG_WARN_BOOL_CONVERSION = YES;
				CLANG_WARN_CONSTANT_CONVERSION = YES;
				CLANG_WARN_DIRECT_OBJC_ISA_USAGE = YES_ERROR;
				CLANG_WARN_DOCUMENTATION_COMMENTS = YES;
				CLANG_WARN_EMPTY_BODY = YES;
				CLANG_WARN_ENUM_CONVERSION = YES;
				CLANG_WARN_INFINITE_RECURSION = YES;
				CLANG_WARN_INT_CONVERSION = YES;
				CLANG_WARN_OBJC_ROOT_CLASS = YES_ERROR;
				CLANG_WARN_SUSPICIOUS_MOVE = YES;
				CLANG_WARN_UNREACHABLE_CODE = YES;
				CLANG_WARN__DUPLICATE_METHOD_MATCH = YES;
				"CODE_SIGN_IDENTITY[sdk=iphoneos*]" = "iPhone Developer";
				COPY_PHASE_STRIP = NO;
				DEBUG_INFORMATION_FORMAT = dwarf;
				ENABLE_STRICT_OBJC_MSGSEND = YES;
				ENABLE_TESTABILITY = YES;
				GCC_C_LANGUAGE_STANDARD = gnu99;
				GCC_DYNAMIC_NO_PIC = NO;
				GCC_NO_COMMON_BLOCKS = YES;
				GCC_OPTIMIZATION_LEVEL = 0;
				GCC_PREPROCESSOR_DEFINITIONS = (
					"DEBUG=1",
					"$(inherited)",
				);
				GCC_WARN_64_TO_32_BIT_CONVERSION = YES;
				GCC_WARN_ABOUT_RETURN_TYPE = YES_ERROR;
				GCC_WARN_UNDECLARED_SELECTOR = YES;
				GCC_WARN_UNINITIALIZED_AUTOS = YES_AGGRESSIVE;
				GCC_WARN_UNUSED_FUNCTION = YES;
				GCC_WARN_UNUSED_VARIABLE = YES;
				IPHONEOS_DEPLOYMENT_TARGET = 10.3;
				MTL_ENABLE_DEBUG_INFO = YES;
				ONLY_ACTIVE_ARCH = YES;
				SDKROOT = iphoneos;
				SWIFT_ACTIVE_COMPILATION_CONDITIONS = DEBUG;
				SWIFT_OPTIMIZATION_LEVEL = "-Onone";
				TARGETED_DEVICE_FAMILY = "1,2";
			};
			name = Debug;
		};
		2DA365E21F2AC95E00DC864E /* Release */ = {
			isa = XCBuildConfiguration;
			buildSettings = {
				ALWAYS_SEARCH_USER_PATHS = NO;
				CLANG_ANALYZER_NONNULL = YES;
				CLANG_ANALYZER_NUMBER_OBJECT_CONVERSION = YES_AGGRESSIVE;
				CLANG_CXX_LANGUAGE_STANDARD = "gnu++0x";
				CLANG_CXX_LIBRARY = "libc++";
				CLANG_ENABLE_MODULES = YES;
				CLANG_ENABLE_OBJC_ARC = YES;
				CLANG_WARN_BOOL_CONVERSION = YES;
				CLANG_WARN_CONSTANT_CONVERSION = YES;
				CLANG_WARN_DIRECT_OBJC_ISA_USAGE = YES_ERROR;
				CLANG_WARN_DOCUMENTATION_COMMENTS = YES;
				CLANG_WARN_EMPTY_BODY = YES;
				CLANG_WARN_ENUM_CONVERSION = YES;
				CLANG_WARN_INFINITE_RECURSION = YES;
				CLANG_WARN_INT_CONVERSION = YES;
				CLANG_WARN_OBJC_ROOT_CLASS = YES_ERROR;
				CLANG_WARN_SUSPICIOUS_MOVE = YES;
				CLANG_WARN_UNREACHABLE_CODE = YES;
				CLANG_WARN__DUPLICATE_METHOD_MATCH = YES;
				"CODE_SIGN_IDENTITY[sdk=iphoneos*]" = "iPhone Developer";
				COPY_PHASE_STRIP = NO;
				DEBUG_INFORMATION_FORMAT = "dwarf-with-dsym";
				ENABLE_NS_ASSERTIONS = NO;
				ENABLE_STRICT_OBJC_MSGSEND = YES;
				GCC_C_LANGUAGE_STANDARD = gnu99;
				GCC_NO_COMMON_BLOCKS = YES;
				GCC_WARN_64_TO_32_BIT_CONVERSION = YES;
				GCC_WARN_ABOUT_RETURN_TYPE = YES_ERROR;
				GCC_WARN_UNDECLARED_SELECTOR = YES;
				GCC_WARN_UNINITIALIZED_AUTOS = YES_AGGRESSIVE;
				GCC_WARN_UNUSED_FUNCTION = YES;
				GCC_WARN_UNUSED_VARIABLE = YES;
				IPHONEOS_DEPLOYMENT_TARGET = 10.3;
				MTL_ENABLE_DEBUG_INFO = NO;
				SDKROOT = iphoneos;
				SWIFT_OPTIMIZATION_LEVEL = "-Owholemodule";
				TARGETED_DEVICE_FAMILY = "1,2";
				VALIDATE_PRODUCT = YES;
			};
			name = Release;
		};
		2DA365E41F2AC95E00DC864E /* Debug */ = {
			isa = XCBuildConfiguration;
			buildSettings = {
				ASSETCATALOG_COMPILER_APPICON_NAME = AppIcon;
				INFOPLIST_FILE = PartyRockApp/Info.plist;
				LD_RUNPATH_SEARCH_PATHS = "$(inherited) @executable_path/Frameworks";
				PRODUCT_BUNDLE_IDENTIFIER = com.micahrowell.PartyRockApp;
				PRODUCT_NAME = "$(TARGET_NAME)";
				SWIFT_VERSION = 3.0;
			};
			name = Debug;
		};
		2DA365E51F2AC95E00DC864E /* Release */ = {
			isa = XCBuildConfiguration;
			buildSettings = {
				ASSETCATALOG_COMPILER_APPICON_NAME = AppIcon;
				INFOPLIST_FILE = PartyRockApp/Info.plist;
				LD_RUNPATH_SEARCH_PATHS = "$(inherited) @executable_path/Frameworks";
				PRODUCT_BUNDLE_IDENTIFIER = com.micahrowell.PartyRockApp;
				PRODUCT_NAME = "$(TARGET_NAME)";
				SWIFT_VERSION = 3.0;
			};
			name = Release;
		};
		2DA365E71F2AC95E00DC864E /* Debug */ = {
			isa = XCBuildConfiguration;
			buildSettings = {
				ALWAYS_EMBED_SWIFT_STANDARD_LIBRARIES = YES;
				BUNDLE_LOADER = "$(TEST_HOST)";
				INFOPLIST_FILE = PartyRockAppTests/Info.plist;
				LD_RUNPATH_SEARCH_PATHS = "$(inherited) @executable_path/Frameworks @loader_path/Frameworks";
				PRODUCT_BUNDLE_IDENTIFIER = com.micahrowell.PartyRockAppTests;
				PRODUCT_NAME = "$(TARGET_NAME)";
				SWIFT_VERSION = 3.0;
				TEST_HOST = "$(BUILT_PRODUCTS_DIR)/PartyRockApp.app/PartyRockApp";
			};
			name = Debug;
		};
		2DA365E81F2AC95E00DC864E /* Release */ = {
			isa = XCBuildConfiguration;
			buildSettings = {
				ALWAYS_EMBED_SWIFT_STANDARD_LIBRARIES = YES;
				BUNDLE_LOADER = "$(TEST_HOST)";
				INFOPLIST_FILE = PartyRockAppTests/Info.plist;
				LD_RUNPATH_SEARCH_PATHS = "$(inherited) @executable_path/Frameworks @loader_path/Frameworks";
				PRODUCT_BUNDLE_IDENTIFIER = com.micahrowell.PartyRockAppTests;
				PRODUCT_NAME = "$(TARGET_NAME)";
				SWIFT_VERSION = 3.0;
				TEST_HOST = "$(BUILT_PRODUCTS_DIR)/PartyRockApp.app/PartyRockApp";
			};
			name = Release;
		};
		2DA365EA1F2AC95E00DC864E /* Debug */ = {
			isa = XCBuildConfiguration;
			buildSettings = {
				ALWAYS_EMBED_SWIFT_STANDARD_LIBRARIES = YES;
				INFOPLIST_FILE = PartyRockAppUITests/Info.plist;
				LD_RUNPATH_SEARCH_PATHS = "$(inherited) @executable_path/Frameworks @loader_path/Frameworks";
				PRODUCT_BUNDLE_IDENTIFIER = com.micahrowell.PartyRockAppUITests;
				PRODUCT_NAME = "$(TARGET_NAME)";
				SWIFT_VERSION = 3.0;
				TEST_TARGET_NAME = PartyRockApp;
			};
			name = Debug;
		};
		2DA365EB1F2AC95E00DC864E /* Release */ = {
			isa = XCBuildConfiguration;
			buildSettings = {
				ALWAYS_EMBED_SWIFT_STANDARD_LIBRARIES = YES;
				INFOPLIST_FILE = PartyRockAppUITests/Info.plist;
				LD_RUNPATH_SEARCH_PATHS = "$(inherited) @executable_path/Frameworks @loader_path/Frameworks";
				PRODUCT_BUNDLE_IDENTIFIER = com.micahrowell.PartyRockAppUITests;
				PRODUCT_NAME = "$(TARGET_NAME)";
				SWIFT_VERSION = 3.0;
				TEST_TARGET_NAME = PartyRockApp;
			};
			name = Release;
		};
/* End XCBuildConfiguration section */

/* Begin XCConfigurationList section */
		2DA365B61F2AC95E00DC864E /* Build configuration list for PBXProject "PartyRockApp" */ = {
			isa = XCConfigurationList;
			buildConfigurations = (
				2DA365E11F2AC95E00DC864E /* Debug */,
				2DA365E21F2AC95E00DC864E /* Release */,
			);
			defaultConfigurationIsVisible = 0;
			defaultConfigurationName = Release;
		};
		2DA365E31F2AC95E00DC864E /* Build configuration list for PBXNativeTarget "PartyRockApp" */ = {
			isa = XCConfigurationList;
			buildConfigurations = (
				2DA365E41F2AC95E00DC864E /* Debug */,
				2DA365E51F2AC95E00DC864E /* Release */,
			);
			defaultConfigurationIsVisible = 0;
			defaultConfigurationName = Release;
		};
		2DA365E61F2AC95E00DC864E /* Build configuration list for PBXNativeTarget "PartyRockAppTests" */ = {
			isa = XCConfigurationList;
			buildConfigurations = (
				2DA365E71F2AC95E00DC864E /* Debug */,
				2DA365E81F2AC95E00DC864E /* Release */,
			);
			defaultConfigurationIsVisible = 0;
			defaultConfigurationName = Release;
		};
		2DA365E91F2AC95E00DC864E /* Build configuration list for PBXNativeTarget "PartyRockAppUITests" */ = {
			isa = XCConfigurationList;
			buildConfigurations = (
				2DA365EA1F2AC95E00DC864E /* Debug */,
				2DA365EB1F2AC95E00DC864E /* Release */,
			);
			defaultConfigurationIsVisible = 0;
			defaultConfigurationName = Release;
		};
/* End XCConfigurationList section */
	};
	rootObject = 2DA365B31F2AC95E00DC864E /* Project object */;
}
